
Microsoft Visual Studio Solution File, Format Version 12.00
# Visual Studio Version 16
VisualStudioVersion = 16.0.31727.386
MinimumVisualStudioVersion = 10.0.40219.1
Project("{FAE04EC0-301F-11D3-BF4B-00C04F79EFBC}") = "Factory_Method", "Factory_Method\Factory_Method.csproj", "{E531AE77-8D94-4E52-B714-0E2C0196FF5D}"
EndProject
Project("{FAE04EC0-301F-11D3-BF4B-00C04F79EFBC}") = "Singleton", "Singleton\Singleton.csproj", "{835C1B67-EDF9-47C0-85C2-5DFA119DC092}"
EndProject
Project("{FAE04EC0-301F-11D3-BF4B-00C04F79EFBC}") = "Builder", "Builder\Builder.csproj", "{B5CDBE91-A24F-4A3D-A2E0-BEE0BBBFFBD6}"
EndProject
Project("{FAE04EC0-301F-11D3-BF4B-00C04F79EFBC}") = "Adapter", "Adapter\Adapter.csproj", "{C1E8DD0B-73BA-487A-8F18-08A0792A4CA8}"
EndProject
Project("{FAE04EC0-301F-11D3-BF4B-00C04F79EFBC}") = "Decorator", "Decorator\Decorator.csproj", "{5B4B8892-7640-4FE5-8B87-F243358730DC}"
EndProject
Project("{FAE04EC0-301F-11D3-BF4B-00C04F79EFBC}") = "Bridge", "Bridge\Bridge.csproj", "{D1B6A6F9-8D26-496E-BD4A-0AA6D51F956D}"
EndProject
Project("{FAE04EC0-301F-11D3-BF4B-00C04F79EFBC}") = "Facade", "Facade\Facade.csproj", "{E357B394-7608-445E-8192-032A573A09A9}"
EndProject
Global
	GlobalSection(SolutionConfigurationPlatforms) = preSolution
		Debug|Any CPU = Debug|Any CPU
		Release|Any CPU = Release|Any CPU
	EndGlobalSection
	GlobalSection(ProjectConfigurationPlatforms) = postSolution
		{E531AE77-8D94-4E52-B714-0E2C0196FF5D}.Debug|Any CPU.ActiveCfg = Debug|Any CPU
		{E531AE77-8D94-4E52-B714-0E2C0196FF5D}.Debug|Any CPU.Build.0 = Debug|Any CPU
		{E531AE77-8D94-4E52-B714-0E2C0196FF5D}.Release|Any CPU.ActiveCfg = Release|Any CPU
		{E531AE77-8D94-4E52-B714-0E2C0196FF5D}.Release|Any CPU.Build.0 = Release|Any CPU
		{835C1B67-EDF9-47C0-85C2-5DFA119DC092}.Debug|Any CPU.ActiveCfg = Debug|Any CPU
		{835C1B67-EDF9-47C0-85C2-5DFA119DC092}.Debug|Any CPU.Build.0 = Debug|Any CPU
		{835C1B67-EDF9-47C0-85C2-5DFA119DC092}.Release|Any CPU.ActiveCfg = Release|Any CPU
		{835C1B67-EDF9-47C0-85C2-5DFA119DC092}.Release|Any CPU.Build.0 = Release|Any CPU
		{B5CDBE91-A24F-4A3D-A2E0-BEE0BBBFFBD6}.Debug|Any CPU.ActiveCfg = Debug|Any CPU
		{B5CDBE91-A24F-4A3D-A2E0-BEE0BBBFFBD6}.Debug|Any CPU.Build.0 = Debug|Any CPU
		{B5CDBE91-A24F-4A3D-A2E0-BEE0BBBFFBD6}.Release|Any CPU.ActiveCfg = Release|Any CPU
		{B5CDBE91-A24F-4A3D-A2E0-BEE0BBBFFBD6}.Release|Any CPU.Build.0 = Release|Any CPU
		{C1E8DD0B-73BA-487A-8F18-08A0792A4CA8}.Debug|Any CPU.ActiveCfg = Debug|Any CPU
		{C1E8DD0B-73BA-487A-8F18-08A0792A4CA8}.Debug|Any CPU.Build.0 = Debug|Any CPU
		{C1E8DD0B-73BA-487A-8F18-08A0792A4CA8}.Release|Any CPU.ActiveCfg = Release|Any CPU
		{C1E8DD0B-73BA-487A-8F18-08A0792A4CA8}.Release|Any CPU.Build.0 = Release|Any CPU
		{5B4B8892-7640-4FE5-8B87-F243358730DC}.Debug|Any CPU.ActiveCfg = Debug|Any CPU
		{5B4B8892-7640-4FE5-8B87-F243358730DC}.Debug|Any CPU.Build.0 = Debug|Any CPU
		{5B4B8892-7640-4FE5-8B87-F243358730DC}.Release|Any CPU.ActiveCfg = Release|Any CPU
		{5B4B8892-7640-4FE5-8B87-F243358730DC}.Release|Any CPU.Build.0 = Release|Any CPU
		{D1B6A6F9-8D26-496E-BD4A-0AA6D51F956D}.Debug|Any CPU.ActiveCfg = Debug|Any CPU
		{D1B6A6F9-8D26-496E-BD4A-0AA6D51F956D}.Debug|Any CPU.Build.0 = Debug|Any CPU
		{D1B6A6F9-8D26-496E-BD4A-0AA6D51F956D}.Release|Any CPU.ActiveCfg = Release|Any CPU
		{D1B6A6F9-8D26-496E-BD4A-0AA6D51F956D}.Release|Any CPU.Build.0 = Release|Any CPU
		{E357B394-7608-445E-8192-032A573A09A9}.Debug|Any CPU.ActiveCfg = Debug|Any CPU
		{E357B394-7608-445E-8192-032A573A09A9}.Debug|Any CPU.Build.0 = Debug|Any CPU
		{E357B394-7608-445E-8192-032A573A09A9}.Release|Any CPU.ActiveCfg = Release|Any CPU
		{E357B394-7608-445E-8192-032A573A09A9}.Release|Any CPU.Build.0 = Release|Any CPU
	EndGlobalSection
	GlobalSection(SolutionProperties) = preSolution
		HideSolutionNode = FALSE
	EndGlobalSection
	GlobalSection(ExtensibilityGlobals) = postSolution
		SolutionGuid = {72DD5639-DA4D-44F4-B6C4-36F8AEC092C4}
	EndGlobalSection
EndGlobal
