
Microsoft Visual Studio Solution File, Format Version 12.00
# Visual Studio Version 16
VisualStudioVersion = 16.0.31727.386
MinimumVisualStudioVersion = 10.0.40219.1
Project("{FAE04EC0-301F-11D3-BF4B-00C04F79EFBC}") = "Factory_Method", "Factory_Method\Factory_Method.csproj", "{E531AE77-8D94-4E52-B714-0E2C0196FF5D}"
EndProject
Global
	GlobalSection(SolutionConfigurationPlatforms) = preSolution
		Debug|Any CPU = Debug|Any CPU
		Release|Any CPU = Release|Any CPU
	EndGlobalSection
	GlobalSection(ProjectConfigurationPlatforms) = postSolution
		{E531AE77-8D94-4E52-B714-0E2C0196FF5D}.Debug|Any CPU.ActiveCfg = Debug|Any CPU
		{E531AE77-8D94-4E52-B714-0E2C0196FF5D}.Debug|Any CPU.Build.0 = Debug|Any CPU
		{E531AE77-8D94-4E52-B714-0E2C0196FF5D}.Release|Any CPU.ActiveCfg = Release|Any CPU
		{E531AE77-8D94-4E52-B714-0E2C0196FF5D}.Release|Any CPU.Build.0 = Release|Any CPU
	EndGlobalSection
	GlobalSection(SolutionProperties) = preSolution
		HideSolutionNode = FALSE
	EndGlobalSection
	GlobalSection(ExtensibilityGlobals) = postSolution
		SolutionGuid = {72DD5639-DA4D-44F4-B6C4-36F8AEC092C4}
	EndGlobalSection
EndGlobal
